{
  "version": 4,
  "terraform_version": "1.0.2",
  "serial": 22,
  "lineage": "142995a7-87a8-b1f6-1ee4-bf17334f6b81",
  "outputs": {
    "kubeone_api": {
      "value": {
        "endpoint": "testkube-api-lb-533150091.eu-north-1.elb.amazonaws.com"
      },
      "type": [
        "object",
        {
          "endpoint": "string"
        }
      ]
    },
    "kubeone_hosts": {
      "value": {
        "control_plane": {
          "bastion": "13.51.171.156",
          "bastion_port": 22,
          "bastion_user": "ubuntu",
          "cloud_provider": "aws",
          "cluster_name": "testkube",
          "hostnames": [
            "ip-172-31-201-55.eu-north-1.compute.internal",
            "ip-172-31-202-151.eu-north-1.compute.internal",
            "ip-172-31-203-104.eu-north-1.compute.internal"
          ],
          "private_address": [
            "172.31.201.55",
            "172.31.202.151",
            "172.31.203.104"
          ],
          "ssh_agent_socket": "env:SSH_AUTH_SOCK",
          "ssh_port": 22,
          "ssh_private_key_file": "",
          "ssh_user": "ubuntu"
        }
      },
      "type": [
        "object",
        {
          "control_plane": [
            "object",
            {
              "bastion": "string",
              "bastion_port": "number",
              "bastion_user": "string",
              "cloud_provider": "string",
              "cluster_name": "string",
              "hostnames": [
                "tuple",
                [
                  "string",
                  "string",
                  "string"
                ]
              ],
              "private_address": [
                "tuple",
                [
                  "string",
                  "string",
                  "string"
                ]
              ],
              "ssh_agent_socket": "string",
              "ssh_port": "number",
              "ssh_private_key_file": "string",
              "ssh_user": "string"
            }
          ]
        }
      ]
    },
    "kubeone_static_workers": {
      "value": {
        "workers1": {
          "bastion": "13.51.171.156",
          "bastion_port": 22,
          "bastion_user": "ubuntu",
          "hostnames": [],
          "private_address": [],
          "ssh_agent_socket": "env:SSH_AUTH_SOCK",
          "ssh_port": 22,
          "ssh_private_key_file": "",
          "ssh_user": "ubuntu"
        }
      },
      "type": [
        "object",
        {
          "workers1": [
            "object",
            {
              "bastion": "string",
              "bastion_port": "number",
              "bastion_user": "string",
              "hostnames": [
                "tuple",
                []
              ],
              "private_address": [
                "tuple",
                []
              ],
              "ssh_agent_socket": "string",
              "ssh_port": "number",
              "ssh_private_key_file": "string",
              "ssh_user": "string"
            }
          ]
        }
      ]
    },
    "kubeone_workers": {
      "value": {
        "testkube-eu-north-1a": {
          "providerSpec": {
            "cloudProviderSpec": {
              "ami": "ami-00a8ab5e0a29e8173",
              "assignPublicIP": true,
              "availabilityZone": "eu-north-1a",
              "diskIops": 500,
              "diskSize": 50,
              "diskType": "gp2",
              "ebsVolumeEncrypted": false,
              "instanceProfile": "testkube-host",
              "instanceType": "t3.medium",
              "isSpotInstance": false,
              "region": "eu-north-1",
              "securityGroupIDs": [
                "sg-0c7dec83f010dd08a"
              ],
              "subnetId": "subnet-0cb4205d281d02790",
              "tags": {
                "testkube-workers": ""
              },
              "vpcId": "vpc-d35dcbba"
            },
            "operatingSystem": "ubuntu",
            "operatingSystemSpec": {
              "distUpgradeOnBoot": false
            },
            "sshPublicKeys": [
              "ssh-rsa AAAAB3NzaC1yc2EAAAADAQABAAABgQDWy58J+rzhdUMYSIrmfcgYG0Jaj+bU2EilfErMKcRYOTogNvb42YUWMXp6QtGL+4Jrc/YecHQ7yof8gThY/hjWZHln6ra2X5+cogAaFaemM99Damw/6Gq5hXYcYvR92E54GjSqhbGpLsiqoDwgiyCqDrtWsI+zbytOP5Mcs5ziVsFGznhfhZRsr7RKZ2P54O1dFyB3s+WYKij7Nu4ENuaDbcZWKM6Ih5JndN5V5IAz31vX3EqtnvCamsv+B0/JrhLSBKao6HFUOZBvJBZiXWGViVRkcfYpPLtuf3kl6BH4lwKR5HF4ee09MiUgH92jaD/oJNNSAy6cI/w6WdD+zLZSm1X1kcKvd7ckYRncha5FstrjkpCNDeWeypEBNiAJDlE+X7zXngRpxYTgpBhXxv60Qe/dSaO28JDZX4UEC3X50BQQKCuG/PKV9EGQRo6zfJWs9N5CuuDNJ+tl1G4Ta883bk9+6BJa/viqYuJzk0/csp7RLRyHakqZTM7nUw8KPzU= vishnu@Ubuntu"
            ]
          },
          "replicas": 1
        },
        "testkube-eu-north-1b": {
          "providerSpec": {
            "cloudProviderSpec": {
              "ami": "ami-00a8ab5e0a29e8173",
              "assignPublicIP": true,
              "availabilityZone": "eu-north-1b",
              "diskIops": 500,
              "diskSize": 50,
              "diskType": "gp2",
              "ebsVolumeEncrypted": false,
              "instanceProfile": "testkube-host",
              "instanceType": "t3.medium",
              "isSpotInstance": false,
              "region": "eu-north-1",
              "securityGroupIDs": [
                "sg-0c7dec83f010dd08a"
              ],
              "subnetId": "subnet-0460bb06d839cdb8c",
              "tags": {
                "testkube-workers": ""
              },
              "vpcId": "vpc-d35dcbba"
            },
            "operatingSystem": "ubuntu",
            "operatingSystemSpec": {
              "distUpgradeOnBoot": false
            },
            "sshPublicKeys": [
              "ssh-rsa AAAAB3NzaC1yc2EAAAADAQABAAABgQDWy58J+rzhdUMYSIrmfcgYG0Jaj+bU2EilfErMKcRYOTogNvb42YUWMXp6QtGL+4Jrc/YecHQ7yof8gThY/hjWZHln6ra2X5+cogAaFaemM99Damw/6Gq5hXYcYvR92E54GjSqhbGpLsiqoDwgiyCqDrtWsI+zbytOP5Mcs5ziVsFGznhfhZRsr7RKZ2P54O1dFyB3s+WYKij7Nu4ENuaDbcZWKM6Ih5JndN5V5IAz31vX3EqtnvCamsv+B0/JrhLSBKao6HFUOZBvJBZiXWGViVRkcfYpPLtuf3kl6BH4lwKR5HF4ee09MiUgH92jaD/oJNNSAy6cI/w6WdD+zLZSm1X1kcKvd7ckYRncha5FstrjkpCNDeWeypEBNiAJDlE+X7zXngRpxYTgpBhXxv60Qe/dSaO28JDZX4UEC3X50BQQKCuG/PKV9EGQRo6zfJWs9N5CuuDNJ+tl1G4Ta883bk9+6BJa/viqYuJzk0/csp7RLRyHakqZTM7nUw8KPzU= vishnu@Ubuntu"
            ]
          },
          "replicas": 1
        },
        "testkube-eu-north-1c": {
          "providerSpec": {
            "cloudProviderSpec": {
              "ami": "ami-00a8ab5e0a29e8173",
              "assignPublicIP": true,
              "availabilityZone": "eu-north-1c",
              "diskIops": 500,
              "diskSize": 50,
              "diskType": "gp2",
              "ebsVolumeEncrypted": false,
              "instanceProfile": "testkube-host",
              "instanceType": "t3.medium",
              "isSpotInstance": false,
              "region": "eu-north-1",
              "securityGroupIDs": [
                "sg-0c7dec83f010dd08a"
              ],
              "subnetId": "subnet-0ed04a4083e2c2ed2",
              "tags": {
                "testkube-workers": ""
              },
              "vpcId": "vpc-d35dcbba"
            },
            "operatingSystem": "ubuntu",
            "operatingSystemSpec": {
              "distUpgradeOnBoot": false
            },
            "sshPublicKeys": [
              "ssh-rsa AAAAB3NzaC1yc2EAAAADAQABAAABgQDWy58J+rzhdUMYSIrmfcgYG0Jaj+bU2EilfErMKcRYOTogNvb42YUWMXp6QtGL+4Jrc/YecHQ7yof8gThY/hjWZHln6ra2X5+cogAaFaemM99Damw/6Gq5hXYcYvR92E54GjSqhbGpLsiqoDwgiyCqDrtWsI+zbytOP5Mcs5ziVsFGznhfhZRsr7RKZ2P54O1dFyB3s+WYKij7Nu4ENuaDbcZWKM6Ih5JndN5V5IAz31vX3EqtnvCamsv+B0/JrhLSBKao6HFUOZBvJBZiXWGViVRkcfYpPLtuf3kl6BH4lwKR5HF4ee09MiUgH92jaD/oJNNSAy6cI/w6WdD+zLZSm1X1kcKvd7ckYRncha5FstrjkpCNDeWeypEBNiAJDlE+X7zXngRpxYTgpBhXxv60Qe/dSaO28JDZX4UEC3X50BQQKCuG/PKV9EGQRo6zfJWs9N5CuuDNJ+tl1G4Ta883bk9+6BJa/viqYuJzk0/csp7RLRyHakqZTM7nUw8KPzU= vishnu@Ubuntu"
            ]
          },
          "replicas": 1
        }
      },
      "type": [
        "object",
        {
          "testkube-eu-north-1a": [
            "object",
            {
              "providerSpec": [
                "object",
                {
                  "cloudProviderSpec": [
                    "object",
                    {
                      "ami": "string",
                      "assignPublicIP": "bool",
                      "availabilityZone": "string",
                      "diskIops": "number",
                      "diskSize": "number",
                      "diskType": "string",
                      "ebsVolumeEncrypted": "bool",
                      "instanceProfile": "string",
                      "instanceType": "string",
                      "isSpotInstance": "bool",
                      "region": "string",
                      "securityGroupIDs": [
                        "tuple",
                        [
                          "string"
                        ]
                      ],
                      "subnetId": "string",
                      "tags": [
                        "object",
                        {
                          "testkube-workers": "string"
                        }
                      ],
                      "vpcId": "string"
                    }
                  ],
                  "operatingSystem": "string",
                  "operatingSystemSpec": [
                    "object",
                    {
                      "distUpgradeOnBoot": "bool"
                    }
                  ],
                  "sshPublicKeys": [
                    "tuple",
                    [
                      "string"
                    ]
                  ]
                }
              ],
              "replicas": "number"
            }
          ],
          "testkube-eu-north-1b": [
            "object",
            {
              "providerSpec": [
                "object",
                {
                  "cloudProviderSpec": [
                    "object",
                    {
                      "ami": "string",
                      "assignPublicIP": "bool",
                      "availabilityZone": "string",
                      "diskIops": "number",
                      "diskSize": "number",
                      "diskType": "string",
                      "ebsVolumeEncrypted": "bool",
                      "instanceProfile": "string",
                      "instanceType": "string",
                      "isSpotInstance": "bool",
                      "region": "string",
                      "securityGroupIDs": [
                        "tuple",
                        [
                          "string"
                        ]
                      ],
                      "subnetId": "string",
                      "tags": [
                        "object",
                        {
                          "testkube-workers": "string"
                        }
                      ],
                      "vpcId": "string"
                    }
                  ],
                  "operatingSystem": "string",
                  "operatingSystemSpec": [
                    "object",
                    {
                      "distUpgradeOnBoot": "bool"
                    }
                  ],
                  "sshPublicKeys": [
                    "tuple",
                    [
                      "string"
                    ]
                  ]
                }
              ],
              "replicas": "number"
            }
          ],
          "testkube-eu-north-1c": [
            "object",
            {
              "providerSpec": [
                "object",
                {
                  "cloudProviderSpec": [
                    "object",
                    {
                      "ami": "string",
                      "assignPublicIP": "bool",
                      "availabilityZone": "string",
                      "diskIops": "number",
                      "diskSize": "number",
                      "diskType": "string",
                      "ebsVolumeEncrypted": "bool",
                      "instanceProfile": "string",
                      "instanceType": "string",
                      "isSpotInstance": "bool",
                      "region": "string",
                      "securityGroupIDs": [
                        "tuple",
                        [
                          "string"
                        ]
                      ],
                      "subnetId": "string",
                      "tags": [
                        "object",
                        {
                          "testkube-workers": "string"
                        }
                      ],
                      "vpcId": "string"
                    }
                  ],
                  "operatingSystem": "string",
                  "operatingSystemSpec": [
                    "object",
                    {
                      "distUpgradeOnBoot": "bool"
                    }
                  ],
                  "sshPublicKeys": [
                    "tuple",
                    [
                      "string"
                    ]
                  ]
                }
              ],
              "replicas": "number"
            }
          ]
        }
      ]
    },
    "ssh_commands": {
      "value": [
        "ssh -J ubuntu@13.51.171.156 ubuntu@172.31.201.55",
        "ssh -J ubuntu@13.51.171.156 ubuntu@172.31.202.151",
        "ssh -J ubuntu@13.51.171.156 ubuntu@172.31.203.104"
      ],
      "type": [
        "list",
        "string"
      ]
    }
  },
  "resources": [
    {
      "mode": "data",
      "type": "aws_ami",
      "name": "ami",
      "provider": "provider[\"registry.terraform.io/hashicorp/aws\"]",
      "instances": [
        {
          "schema_version": 0,
          "attributes": {
            "architecture": "x86_64",
            "arn": "arn:aws:ec2:eu-north-1::image/ami-00a8ab5e0a29e8173",
            "block_device_mappings": [
              {
                "device_name": "/dev/sda1",
                "ebs": {
                  "delete_on_termination": "true",
                  "encrypted": "false",
                  "iops": "0",
                  "snapshot_id": "snap-0a4a1f661ff436abc",
                  "throughput": "0",
                  "volume_size": "8",
                  "volume_type": "gp2"
                },
                "no_device": "",
                "virtual_name": ""
              },
              {
                "device_name": "/dev/sdb",
                "ebs": {},
                "no_device": "",
                "virtual_name": "ephemeral0"
              },
              {
                "device_name": "/dev/sdc",
                "ebs": {},
                "no_device": "",
                "virtual_name": "ephemeral1"
              }
            ],
            "creation_date": "2021-06-22T20:54:32.000Z",
            "description": "Canonical, Ubuntu, 20.04 LTS, amd64 focal image build on 2021-06-21",
            "ena_support": true,
            "executable_users": null,
            "filter": [
              {
                "name": "name",
                "values": [
                  "ubuntu/images/hvm-ssd/ubuntu-focal-20.04-amd64-server-*"
                ]
              },
              {
                "name": "virtualization-type",
                "values": [
                  "hvm"
                ]
              }
            ],
            "hypervisor": "xen",
            "id": "ami-00a8ab5e0a29e8173",
            "image_id": "ami-00a8ab5e0a29e8173",
            "image_location": "099720109477/ubuntu/images/hvm-ssd/ubuntu-focal-20.04-amd64-server-20210621",
            "image_owner_alias": null,
            "image_type": "machine",
            "kernel_id": null,
            "most_recent": true,
            "name": "ubuntu/images/hvm-ssd/ubuntu-focal-20.04-amd64-server-20210621",
            "name_regex": null,
            "owner_id": "099720109477",
            "owners": [
              "099720109477"
            ],
            "platform": null,
            "platform_details": "Linux/UNIX",
            "product_codes": [],
            "public": true,
            "ramdisk_id": null,
            "root_device_name": "/dev/sda1",
            "root_device_type": "ebs",
            "root_snapshot_id": "snap-0a4a1f661ff436abc",
            "sriov_net_support": "simple",
            "state": "available",
            "state_reason": {
              "code": "UNSET",
              "message": "UNSET"
            },
            "tags": {},
            "usage_operation": "RunInstances",
            "virtualization_type": "hvm"
          },
          "sensitive_attributes": []
        }
      ]
    },
    {
      "mode": "data",
      "type": "aws_availability_zones",
      "name": "available",
      "provider": "provider[\"registry.terraform.io/hashicorp/aws\"]",
      "instances": [
        {
          "schema_version": 0,
          "attributes": {
            "all_availability_zones": null,
            "exclude_names": null,
            "exclude_zone_ids": null,
            "filter": null,
            "group_names": [
              "eu-north-1"
            ],
            "id": "eu-north-1",
            "names": [
              "eu-north-1a",
              "eu-north-1b",
              "eu-north-1c"
            ],
            "state": "available",
            "zone_ids": [
              "eun1-az1",
              "eun1-az2",
              "eun1-az3"
            ]
          },
          "sensitive_attributes": []
        }
      ]
    },
    {
      "mode": "data",
      "type": "aws_internet_gateway",
      "name": "default",
      "provider": "provider[\"registry.terraform.io/hashicorp/aws\"]",
      "instances": [
        {
          "schema_version": 0,
          "attributes": {
            "arn": "arn:aws:ec2:eu-north-1:617712498361:internet-gateway/igw-5c099c35",
            "attachments": [
              {
                "state": "available",
                "vpc_id": "vpc-d35dcbba"
              }
            ],
            "filter": [
              {
                "name": "attachment.vpc-id",
                "values": [
                  "vpc-d35dcbba"
                ]
              }
            ],
            "id": "igw-5c099c35",
            "internet_gateway_id": "igw-5c099c35",
            "owner_id": "617712498361",
            "tags": {}
          },
          "sensitive_attributes": []
        }
      ]
    },
    {
      "mode": "data",
      "type": "aws_vpc",
      "name": "selected",
      "provider": "provider[\"registry.terraform.io/hashicorp/aws\"]",
      "instances": [
        {
          "schema_version": 0,
          "attributes": {
            "arn": "arn:aws:ec2:eu-north-1:617712498361:vpc/vpc-d35dcbba",
            "cidr_block": "172.31.0.0/16",
            "cidr_block_associations": [
              {
                "association_id": "vpc-cidr-assoc-af24b2c6",
                "cidr_block": "172.31.0.0/16",
                "state": "associated"
              }
            ],
            "default": true,
            "dhcp_options_id": "dopt-a072e4c9",
            "enable_dns_hostnames": true,
            "enable_dns_support": true,
            "filter": null,
            "id": "vpc-d35dcbba",
            "instance_tenancy": "default",
            "ipv6_association_id": null,
            "ipv6_cidr_block": null,
            "main_route_table_id": "rtb-04f5646d",
            "owner_id": "617712498361",
            "state": "available",
            "tags": {}
          },
          "sensitive_attributes": []
        }
      ]
    },
    {
      "mode": "managed",
      "type": "aws_default_vpc",
      "name": "default",
      "provider": "provider[\"registry.terraform.io/hashicorp/aws\"]",
      "instances": [
        {
          "schema_version": 1,
          "attributes": {
            "arn": "arn:aws:ec2:eu-north-1:617712498361:vpc/vpc-d35dcbba",
            "assign_generated_ipv6_cidr_block": false,
            "cidr_block": "172.31.0.0/16",
            "default_network_acl_id": "acl-960e98ff",
            "default_route_table_id": "rtb-04f5646d",
            "default_security_group_id": "sg-476e1420",
            "dhcp_options_id": "dopt-a072e4c9",
            "enable_classiclink": null,
            "enable_classiclink_dns_support": null,
            "enable_dns_hostnames": true,
            "enable_dns_support": true,
            "id": "vpc-d35dcbba",
            "instance_tenancy": "default",
            "ipv6_association_id": "",
            "ipv6_cidr_block": "",
            "main_route_table_id": "rtb-04f5646d",
            "owner_id": "617712498361",
            "tags": null,
            "tags_all": {}
          },
          "sensitive_attributes": [],
          "private": "eyJzY2hlbWFfdmVyc2lvbiI6IjEifQ=="
        }
      ]
    },
    {
      "mode": "managed",
      "type": "aws_elb",
      "name": "control_plane",
      "provider": "provider[\"registry.terraform.io/hashicorp/aws\"]",
      "instances": [
        {
          "schema_version": 0,
          "attributes": {
            "access_logs": [],
            "arn": "arn:aws:elasticloadbalancing:eu-north-1:617712498361:loadbalancer/testkube-api-lb",
            "availability_zones": [
              "eu-north-1a",
              "eu-north-1b",
              "eu-north-1c"
            ],
            "connection_draining": false,
            "connection_draining_timeout": 300,
            "cross_zone_load_balancing": true,
            "dns_name": "testkube-api-lb-533150091.eu-north-1.elb.amazonaws.com",
            "health_check": [
              {
                "healthy_threshold": 2,
                "interval": 30,
                "target": "HTTPS:6443/healthz",
                "timeout": 3,
                "unhealthy_threshold": 2
              }
            ],
            "id": "testkube-api-lb",
            "idle_timeout": 600,
            "instances": [
              "i-042847ad563598c37",
              "i-0dc17ec4d71cea3ab",
              "i-0f499dd0a7a783758"
            ],
            "internal": false,
            "listener": [
              {
                "instance_port": 6443,
                "instance_protocol": "tcp",
                "lb_port": 6443,
                "lb_protocol": "tcp",
                "ssl_certificate_id": ""
              }
            ],
            "name": "testkube-api-lb",
            "name_prefix": null,
            "security_groups": [
              "sg-09a5dd6dd614b6ad1",
              "sg-0c7dec83f010dd08a"
            ],
            "source_security_group": "617712498361/testkube-api-lb",
            "source_security_group_id": "sg-09a5dd6dd614b6ad1",
            "subnets": [
              "subnet-0460bb06d839cdb8c",
              "subnet-0cb4205d281d02790",
              "subnet-0ed04a4083e2c2ed2"
            ],
            "tags": {
              "Cluster": "testkube",
              "kubernetes.io/cluster/testkube": "shared"
            },
            "tags_all": {
              "Cluster": "testkube",
              "kubernetes.io/cluster/testkube": "shared"
            },
            "zone_id": "Z23TAZ6LKFMNIO"
          },
          "sensitive_attributes": [],
          "private": "bnVsbA==",
          "dependencies": [
            "aws_default_vpc.default",
            "aws_iam_instance_profile.profile",
            "aws_iam_role.role",
            "aws_instance.control_plane",
            "aws_key_pair.deployer",
            "aws_security_group.common",
            "aws_security_group.elb",
            "aws_subnet.public",
            "data.aws_ami.ami",
            "data.aws_availability_zones.available",
            "data.aws_vpc.selected",
            "random_integer.cidr_block"
          ]
        }
      ]
    },
    {
      "mode": "managed",
      "type": "aws_iam_instance_profile",
      "name": "profile",
      "provider": "provider[\"registry.terraform.io/hashicorp/aws\"]",
      "instances": [
        {
          "schema_version": 0,
          "attributes": {
            "arn": "arn:aws:iam::617712498361:instance-profile/testkube-host",
            "create_date": "2021-07-13T16:24:42Z",
            "id": "testkube-host",
            "name": "testkube-host",
            "name_prefix": null,
            "path": "/",
            "role": "testkube-host",
            "tags": null,
            "tags_all": {},
            "unique_id": "AIPAY7UUIW24TIEWDB47L"
          },
          "sensitive_attributes": [],
          "private": "bnVsbA==",
          "dependencies": [
            "aws_iam_role.role"
          ]
        }
      ]
    },
    {
      "mode": "managed",
      "type": "aws_iam_role",
      "name": "role",
      "provider": "provider[\"registry.terraform.io/hashicorp/aws\"]",
      "instances": [
        {
          "schema_version": 0,
          "attributes": {
            "arn": "arn:aws:iam::617712498361:role/testkube-host",
            "assume_role_policy": "{\"Version\":\"2012-10-17\",\"Statement\":[{\"Effect\":\"Allow\",\"Principal\":{\"Service\":\"ec2.amazonaws.com\"},\"Action\":\"sts:AssumeRole\"}]}",
            "create_date": "2021-07-13T16:24:35Z",
            "description": "",
            "force_detach_policies": false,
            "id": "testkube-host",
            "inline_policy": [
              {
                "name": "",
                "policy": ""
              }
            ],
            "managed_policy_arns": [],
            "max_session_duration": 3600,
            "name": "testkube-host",
            "name_prefix": null,
            "path": "/",
            "permissions_boundary": null,
            "tags": null,
            "tags_all": {},
            "unique_id": "AROAY7UUIW24VTN3DVINP"
          },
          "sensitive_attributes": [],
          "private": "bnVsbA=="
        }
      ]
    },
    {
      "mode": "managed",
      "type": "aws_iam_role_policy",
      "name": "policy",
      "provider": "provider[\"registry.terraform.io/hashicorp/aws\"]",
      "instances": [
        {
          "schema_version": 0,
          "attributes": {
            "id": "testkube-host:testkube-host",
            "name": "testkube-host",
            "name_prefix": null,
            "policy": "{\"Statement\":[{\"Action\":[\"ec2:*\"],\"Effect\":\"Allow\",\"Resource\":[\"*\"]},{\"Action\":[\"elasticloadbalancing:*\"],\"Effect\":\"Allow\",\"Resource\":[\"*\"]}],\"Version\":\"2012-10-17\"}",
            "role": "testkube-host"
          },
          "sensitive_attributes": [],
          "private": "bnVsbA==",
          "dependencies": [
            "aws_iam_role.role"
          ]
        }
      ]
    },
    {
      "mode": "managed",
      "type": "aws_instance",
      "name": "bastion",
      "provider": "provider[\"registry.terraform.io/hashicorp/aws\"]",
      "instances": [
        {
          "schema_version": 1,
          "attributes": {
            "ami": "ami-00a8ab5e0a29e8173",
            "arn": "arn:aws:ec2:eu-north-1:617712498361:instance/i-098da97eea83a7062",
            "associate_public_ip_address": true,
            "availability_zone": "eu-north-1a",
            "capacity_reservation_specification": [
              {
                "capacity_reservation_preference": "open",
                "capacity_reservation_target": []
              }
            ],
            "cpu_core_count": 1,
            "cpu_threads_per_core": 2,
            "credit_specification": [
              {
                "cpu_credits": "unlimited"
              }
            ],
            "disable_api_termination": false,
            "ebs_block_device": [],
            "ebs_optimized": false,
            "enclave_options": [
              {
                "enabled": false
              }
            ],
            "ephemeral_block_device": [],
            "get_password_data": false,
            "hibernation": false,
            "host_id": null,
            "iam_instance_profile": "",
            "id": "i-098da97eea83a7062",
            "instance_initiated_shutdown_behavior": "stop",
            "instance_state": "running",
            "instance_type": "t3.nano",
            "ipv6_address_count": 0,
            "ipv6_addresses": [],
            "key_name": "testkube-deployer-key",
            "metadata_options": [
              {
                "http_endpoint": "enabled",
                "http_put_response_hop_limit": 1,
                "http_tokens": "optional"
              }
            ],
            "monitoring": false,
            "network_interface": [],
            "outpost_arn": "",
            "password_data": "",
            "placement_group": "",
            "primary_network_interface_id": "eni-01c2fbfa0b85c8653",
            "private_dns": "ip-172-31-201-127.eu-north-1.compute.internal",
            "private_ip": "172.31.201.127",
            "public_dns": "ec2-13-51-171-156.eu-north-1.compute.amazonaws.com",
            "public_ip": "13.51.171.156",
            "root_block_device": [
              {
                "delete_on_termination": true,
                "device_name": "/dev/sda1",
                "encrypted": false,
                "iops": 300,
                "kms_key_id": "",
                "tags": null,
                "throughput": 0,
                "volume_id": "vol-05b43d6367b4c2f29",
                "volume_size": 100,
                "volume_type": "gp2"
              }
            ],
            "secondary_private_ips": [],
            "security_groups": [
              "testkube-common",
              "testkube-ssh"
            ],
            "source_dest_check": true,
            "subnet_id": "subnet-0cb4205d281d02790",
            "tags": {
              "Cluster": "testkube",
              "Name": "testkube-bastion",
              "kubernetes.io/cluster/testkube": "shared"
            },
            "tags_all": {
              "Cluster": "testkube",
              "Name": "testkube-bastion",
              "kubernetes.io/cluster/testkube": "shared"
            },
            "tenancy": "default",
            "timeouts": null,
            "user_data": null,
            "user_data_base64": null,
            "volume_tags": null,
            "vpc_security_group_ids": [
              "sg-0713ec264d98a4d56",
              "sg-0c7dec83f010dd08a"
            ]
          },
          "sensitive_attributes": [],
          "private": "eyJlMmJmYjczMC1lY2FhLTExZTYtOGY4OC0zNDM2M2JjN2M0YzAiOnsiY3JlYXRlIjo2MDAwMDAwMDAwMDAsImRlbGV0ZSI6MTIwMDAwMDAwMDAwMCwidXBkYXRlIjo2MDAwMDAwMDAwMDB9LCJzY2hlbWFfdmVyc2lvbiI6IjEifQ==",
          "dependencies": [
            "aws_default_vpc.default",
            "aws_key_pair.deployer",
            "aws_security_group.common",
            "aws_security_group.ssh",
            "aws_subnet.public",
            "data.aws_ami.ami",
            "data.aws_availability_zones.available",
            "data.aws_vpc.selected",
            "random_integer.cidr_block"
          ]
        }
      ]
    },
    {
      "mode": "managed",
      "type": "aws_instance",
      "name": "control_plane",
      "provider": "provider[\"registry.terraform.io/hashicorp/aws\"]",
      "instances": [
        {
          "index_key": 0,
          "schema_version": 1,
          "attributes": {
            "ami": "ami-00a8ab5e0a29e8173",
            "arn": "arn:aws:ec2:eu-north-1:617712498361:instance/i-042847ad563598c37",
            "associate_public_ip_address": true,
            "availability_zone": "eu-north-1a",
            "capacity_reservation_specification": [
              {
                "capacity_reservation_preference": "open",
                "capacity_reservation_target": []
              }
            ],
            "cpu_core_count": 1,
            "cpu_threads_per_core": 2,
            "credit_specification": [
              {
                "cpu_credits": "unlimited"
              }
            ],
            "disable_api_termination": false,
            "ebs_block_device": [],
            "ebs_optimized": true,
            "enclave_options": [
              {
                "enabled": false
              }
            ],
            "ephemeral_block_device": [],
            "get_password_data": false,
            "hibernation": false,
            "host_id": null,
            "iam_instance_profile": "testkube-host",
            "id": "i-042847ad563598c37",
            "instance_initiated_shutdown_behavior": "stop",
            "instance_state": "running",
            "instance_type": "t3.medium",
            "ipv6_address_count": 0,
            "ipv6_addresses": [],
            "key_name": "testkube-deployer-key",
            "metadata_options": [
              {
                "http_endpoint": "enabled",
                "http_put_response_hop_limit": 1,
                "http_tokens": "optional"
              }
            ],
            "monitoring": false,
            "network_interface": [],
            "outpost_arn": "",
            "password_data": "",
            "placement_group": "",
            "primary_network_interface_id": "eni-0b19409115be9064d",
            "private_dns": "ip-172-31-201-55.eu-north-1.compute.internal",
            "private_ip": "172.31.201.55",
            "public_dns": "ec2-13-48-177-103.eu-north-1.compute.amazonaws.com",
            "public_ip": "13.48.177.103",
            "root_block_device": [
              {
                "delete_on_termination": true,
                "device_name": "/dev/sda1",
                "encrypted": false,
                "iops": 300,
                "kms_key_id": "",
                "tags": null,
                "throughput": 0,
                "volume_id": "vol-032023a0be383dd0b",
                "volume_size": 100,
                "volume_type": "gp2"
              }
            ],
            "secondary_private_ips": [],
            "security_groups": [
              "testkube-common"
            ],
            "source_dest_check": true,
            "subnet_id": "subnet-0cb4205d281d02790",
            "tags": {
              "Name": "testkube-cp-1",
              "kubernetes.io/cluster/testkube": "shared"
            },
            "tags_all": {
              "Name": "testkube-cp-1",
              "kubernetes.io/cluster/testkube": "shared"
            },
            "tenancy": "default",
            "timeouts": null,
            "user_data": null,
            "user_data_base64": null,
            "volume_tags": null,
            "vpc_security_group_ids": [
              "sg-0c7dec83f010dd08a"
            ]
          },
          "sensitive_attributes": [],
          "private": "eyJlMmJmYjczMC1lY2FhLTExZTYtOGY4OC0zNDM2M2JjN2M0YzAiOnsiY3JlYXRlIjo2MDAwMDAwMDAwMDAsImRlbGV0ZSI6MTIwMDAwMDAwMDAwMCwidXBkYXRlIjo2MDAwMDAwMDAwMDB9LCJzY2hlbWFfdmVyc2lvbiI6IjEifQ==",
          "dependencies": [
            "aws_default_vpc.default",
            "aws_iam_instance_profile.profile",
            "aws_iam_role.role",
            "aws_key_pair.deployer",
            "aws_security_group.common",
            "aws_subnet.public",
            "data.aws_ami.ami",
            "data.aws_availability_zones.available",
            "data.aws_vpc.selected",
            "random_integer.cidr_block"
          ]
        },
        {
          "index_key": 1,
          "schema_version": 1,
          "attributes": {
            "ami": "ami-00a8ab5e0a29e8173",
            "arn": "arn:aws:ec2:eu-north-1:617712498361:instance/i-0f499dd0a7a783758",
            "associate_public_ip_address": true,
            "availability_zone": "eu-north-1b",
            "capacity_reservation_specification": [
              {
                "capacity_reservation_preference": "open",
                "capacity_reservation_target": []
              }
            ],
            "cpu_core_count": 1,
            "cpu_threads_per_core": 2,
            "credit_specification": [
              {
                "cpu_credits": "unlimited"
              }
            ],
            "disable_api_termination": false,
            "ebs_block_device": [],
            "ebs_optimized": true,
            "enclave_options": [
              {
                "enabled": false
              }
            ],
            "ephemeral_block_device": [],
            "get_password_data": false,
            "hibernation": false,
            "host_id": null,
            "iam_instance_profile": "testkube-host",
            "id": "i-0f499dd0a7a783758",
            "instance_initiated_shutdown_behavior": "stop",
            "instance_state": "running",
            "instance_type": "t3.medium",
            "ipv6_address_count": 0,
            "ipv6_addresses": [],
            "key_name": "testkube-deployer-key",
            "metadata_options": [
              {
                "http_endpoint": "enabled",
                "http_put_response_hop_limit": 1,
                "http_tokens": "optional"
              }
            ],
            "monitoring": false,
            "network_interface": [],
            "outpost_arn": "",
            "password_data": "",
            "placement_group": "",
            "primary_network_interface_id": "eni-0ff354b5b39152957",
            "private_dns": "ip-172-31-202-151.eu-north-1.compute.internal",
            "private_ip": "172.31.202.151",
            "public_dns": "ec2-13-51-175-233.eu-north-1.compute.amazonaws.com",
            "public_ip": "13.51.175.233",
            "root_block_device": [
              {
                "delete_on_termination": true,
                "device_name": "/dev/sda1",
                "encrypted": false,
                "iops": 300,
                "kms_key_id": "",
                "tags": null,
                "throughput": 0,
                "volume_id": "vol-049c8058630f864ac",
                "volume_size": 100,
                "volume_type": "gp2"
              }
            ],
            "secondary_private_ips": [],
            "security_groups": [
              "testkube-common"
            ],
            "source_dest_check": true,
            "subnet_id": "subnet-0460bb06d839cdb8c",
            "tags": {
              "Name": "testkube-cp-2",
              "kubernetes.io/cluster/testkube": "shared"
            },
            "tags_all": {
              "Name": "testkube-cp-2",
              "kubernetes.io/cluster/testkube": "shared"
            },
            "tenancy": "default",
            "timeouts": null,
            "user_data": null,
            "user_data_base64": null,
            "volume_tags": null,
            "vpc_security_group_ids": [
              "sg-0c7dec83f010dd08a"
            ]
          },
          "sensitive_attributes": [],
          "private": "eyJlMmJmYjczMC1lY2FhLTExZTYtOGY4OC0zNDM2M2JjN2M0YzAiOnsiY3JlYXRlIjo2MDAwMDAwMDAwMDAsImRlbGV0ZSI6MTIwMDAwMDAwMDAwMCwidXBkYXRlIjo2MDAwMDAwMDAwMDB9LCJzY2hlbWFfdmVyc2lvbiI6IjEifQ==",
          "dependencies": [
            "aws_default_vpc.default",
            "aws_iam_instance_profile.profile",
            "aws_iam_role.role",
            "aws_key_pair.deployer",
            "aws_security_group.common",
            "aws_subnet.public",
            "data.aws_ami.ami",
            "data.aws_availability_zones.available",
            "data.aws_vpc.selected",
            "random_integer.cidr_block"
          ]
        },
        {
          "index_key": 2,
          "schema_version": 1,
          "attributes": {
            "ami": "ami-00a8ab5e0a29e8173",
            "arn": "arn:aws:ec2:eu-north-1:617712498361:instance/i-0dc17ec4d71cea3ab",
            "associate_public_ip_address": true,
            "availability_zone": "eu-north-1c",
            "capacity_reservation_specification": [
              {
                "capacity_reservation_preference": "open",
                "capacity_reservation_target": []
              }
            ],
            "cpu_core_count": 1,
            "cpu_threads_per_core": 2,
            "credit_specification": [
              {
                "cpu_credits": "unlimited"
              }
            ],
            "disable_api_termination": false,
            "ebs_block_device": [],
            "ebs_optimized": true,
            "enclave_options": [
              {
                "enabled": false
              }
            ],
            "ephemeral_block_device": [],
            "get_password_data": false,
            "hibernation": false,
            "host_id": null,
            "iam_instance_profile": "testkube-host",
            "id": "i-0dc17ec4d71cea3ab",
            "instance_initiated_shutdown_behavior": "stop",
            "instance_state": "running",
            "instance_type": "t3.medium",
            "ipv6_address_count": 0,
            "ipv6_addresses": [],
            "key_name": "testkube-deployer-key",
            "metadata_options": [
              {
                "http_endpoint": "enabled",
                "http_put_response_hop_limit": 1,
                "http_tokens": "optional"
              }
            ],
            "monitoring": false,
            "network_interface": [],
            "outpost_arn": "",
            "password_data": "",
            "placement_group": "",
            "primary_network_interface_id": "eni-087bd911cd957620b",
            "private_dns": "ip-172-31-203-104.eu-north-1.compute.internal",
            "private_ip": "172.31.203.104",
            "public_dns": "ec2-13-53-145-13.eu-north-1.compute.amazonaws.com",
            "public_ip": "13.53.145.13",
            "root_block_device": [
              {
                "delete_on_termination": true,
                "device_name": "/dev/sda1",
                "encrypted": false,
                "iops": 300,
                "kms_key_id": "",
                "tags": null,
                "throughput": 0,
                "volume_id": "vol-0936e28a64fd4ac27",
                "volume_size": 100,
                "volume_type": "gp2"
              }
            ],
            "secondary_private_ips": [],
            "security_groups": [
              "testkube-common"
            ],
            "source_dest_check": true,
            "subnet_id": "subnet-0ed04a4083e2c2ed2",
            "tags": {
              "Name": "testkube-cp-3",
              "kubernetes.io/cluster/testkube": "shared"
            },
            "tags_all": {
              "Name": "testkube-cp-3",
              "kubernetes.io/cluster/testkube": "shared"
            },
            "tenancy": "default",
            "timeouts": null,
            "user_data": null,
            "user_data_base64": null,
            "volume_tags": null,
            "vpc_security_group_ids": [
              "sg-0c7dec83f010dd08a"
            ]
          },
          "sensitive_attributes": [],
          "private": "eyJlMmJmYjczMC1lY2FhLTExZTYtOGY4OC0zNDM2M2JjN2M0YzAiOnsiY3JlYXRlIjo2MDAwMDAwMDAwMDAsImRlbGV0ZSI6MTIwMDAwMDAwMDAwMCwidXBkYXRlIjo2MDAwMDAwMDAwMDB9LCJzY2hlbWFfdmVyc2lvbiI6IjEifQ==",
          "dependencies": [
            "aws_default_vpc.default",
            "aws_iam_instance_profile.profile",
            "aws_iam_role.role",
            "aws_key_pair.deployer",
            "aws_security_group.common",
            "aws_subnet.public",
            "data.aws_ami.ami",
            "data.aws_availability_zones.available",
            "data.aws_vpc.selected",
            "random_integer.cidr_block"
          ]
        }
      ]
    },
    {
      "mode": "managed",
      "type": "aws_key_pair",
      "name": "deployer",
      "provider": "provider[\"registry.terraform.io/hashicorp/aws\"]",
      "instances": [
        {
          "schema_version": 1,
          "attributes": {
            "arn": "arn:aws:ec2:eu-north-1:617712498361:key-pair/testkube-deployer-key",
            "fingerprint": "f6:71:4c:d1:d7:96:b6:b7:c1:b2:2e:4b:4e:fe:16:6f",
            "id": "testkube-deployer-key",
            "key_name": "testkube-deployer-key",
            "key_name_prefix": null,
            "key_pair_id": "key-04fd809bd1a716031",
            "public_key": "ssh-rsa AAAAB3NzaC1yc2EAAAADAQABAAABgQDWy58J+rzhdUMYSIrmfcgYG0Jaj+bU2EilfErMKcRYOTogNvb42YUWMXp6QtGL+4Jrc/YecHQ7yof8gThY/hjWZHln6ra2X5+cogAaFaemM99Damw/6Gq5hXYcYvR92E54GjSqhbGpLsiqoDwgiyCqDrtWsI+zbytOP5Mcs5ziVsFGznhfhZRsr7RKZ2P54O1dFyB3s+WYKij7Nu4ENuaDbcZWKM6Ih5JndN5V5IAz31vX3EqtnvCamsv+B0/JrhLSBKao6HFUOZBvJBZiXWGViVRkcfYpPLtuf3kl6BH4lwKR5HF4ee09MiUgH92jaD/oJNNSAy6cI/w6WdD+zLZSm1X1kcKvd7ckYRncha5FstrjkpCNDeWeypEBNiAJDlE+X7zXngRpxYTgpBhXxv60Qe/dSaO28JDZX4UEC3X50BQQKCuG/PKV9EGQRo6zfJWs9N5CuuDNJ+tl1G4Ta883bk9+6BJa/viqYuJzk0/csp7RLRyHakqZTM7nUw8KPzU= vishnu@Ubuntu",
            "tags": null,
            "tags_all": {}
          },
          "sensitive_attributes": [],
          "private": "eyJzY2hlbWFfdmVyc2lvbiI6IjEifQ=="
        }
      ]
    },
    {
      "mode": "managed",
      "type": "aws_security_group",
      "name": "common",
      "provider": "provider[\"registry.terraform.io/hashicorp/aws\"]",
      "instances": [
        {
          "schema_version": 1,
          "attributes": {
            "arn": "arn:aws:ec2:eu-north-1:617712498361:security-group/sg-0c7dec83f010dd08a",
            "description": "cluster common rules",
            "egress": [],
            "id": "sg-0c7dec83f010dd08a",
            "ingress": [],
            "name": "testkube-common",
            "name_prefix": "",
            "owner_id": "617712498361",
            "revoke_rules_on_delete": false,
            "tags": {
              "Cluster": "testkube",
              "kubernetes.io/cluster/testkube": "shared"
            },
            "tags_all": {
              "Cluster": "testkube",
              "kubernetes.io/cluster/testkube": "shared"
            },
            "timeouts": null,
            "vpc_id": "vpc-d35dcbba"
          },
          "sensitive_attributes": [],
          "private": "eyJlMmJmYjczMC1lY2FhLTExZTYtOGY4OC0zNDM2M2JjN2M0YzAiOnsiY3JlYXRlIjo2MDAwMDAwMDAwMDAsImRlbGV0ZSI6OTAwMDAwMDAwMDAwfSwic2NoZW1hX3ZlcnNpb24iOiIxIn0=",
          "dependencies": [
            "aws_default_vpc.default",
            "data.aws_vpc.selected"
          ]
        }
      ]
    },
    {
      "mode": "managed",
      "type": "aws_security_group",
      "name": "elb",
      "provider": "provider[\"registry.terraform.io/hashicorp/aws\"]",
      "instances": [
        {
          "schema_version": 1,
          "attributes": {
            "arn": "arn:aws:ec2:eu-north-1:617712498361:security-group/sg-09a5dd6dd614b6ad1",
            "description": "kube-api firewall",
            "egress": [
              {
                "cidr_blocks": [
                  "0.0.0.0/0"
                ],
                "description": "allow all outgoing traffic",
                "from_port": 0,
                "ipv6_cidr_blocks": [],
                "prefix_list_ids": [],
                "protocol": "-1",
                "security_groups": [],
                "self": false,
                "to_port": 0
              }
            ],
            "id": "sg-09a5dd6dd614b6ad1",
            "ingress": [
              {
                "cidr_blocks": [
                  "0.0.0.0/0"
                ],
                "description": "allow anyone to connect to tcp/6443",
                "from_port": 6443,
                "ipv6_cidr_blocks": [],
                "prefix_list_ids": [],
                "protocol": "tcp",
                "security_groups": [],
                "self": false,
                "to_port": 6443
              }
            ],
            "name": "testkube-api-lb",
            "name_prefix": "",
            "owner_id": "617712498361",
            "revoke_rules_on_delete": false,
            "tags": {
              "Cluster": "testkube"
            },
            "tags_all": {
              "Cluster": "testkube"
            },
            "timeouts": null,
            "vpc_id": "vpc-d35dcbba"
          },
          "sensitive_attributes": [],
          "private": "eyJlMmJmYjczMC1lY2FhLTExZTYtOGY4OC0zNDM2M2JjN2M0YzAiOnsiY3JlYXRlIjo2MDAwMDAwMDAwMDAsImRlbGV0ZSI6OTAwMDAwMDAwMDAwfSwic2NoZW1hX3ZlcnNpb24iOiIxIn0=",
          "dependencies": [
            "aws_default_vpc.default",
            "data.aws_vpc.selected"
          ]
        }
      ]
    },
    {
      "mode": "managed",
      "type": "aws_security_group",
      "name": "ssh",
      "provider": "provider[\"registry.terraform.io/hashicorp/aws\"]",
      "instances": [
        {
          "schema_version": 1,
          "attributes": {
            "arn": "arn:aws:ec2:eu-north-1:617712498361:security-group/sg-0713ec264d98a4d56",
            "description": "ssh access",
            "egress": [],
            "id": "sg-0713ec264d98a4d56",
            "ingress": [
              {
                "cidr_blocks": [
                  "0.0.0.0/0"
                ],
                "description": "allow incomming SSH",
                "from_port": 22,
                "ipv6_cidr_blocks": [],
                "prefix_list_ids": [],
                "protocol": "tcp",
                "security_groups": [],
                "self": false,
                "to_port": 22
              }
            ],
            "name": "testkube-ssh",
            "name_prefix": "",
            "owner_id": "617712498361",
            "revoke_rules_on_delete": false,
            "tags": {
              "Cluster": "testkube"
            },
            "tags_all": {
              "Cluster": "testkube"
            },
            "timeouts": null,
            "vpc_id": "vpc-d35dcbba"
          },
          "sensitive_attributes": [],
          "private": "eyJlMmJmYjczMC1lY2FhLTExZTYtOGY4OC0zNDM2M2JjN2M0YzAiOnsiY3JlYXRlIjo2MDAwMDAwMDAwMDAsImRlbGV0ZSI6OTAwMDAwMDAwMDAwfSwic2NoZW1hX3ZlcnNpb24iOiIxIn0=",
          "dependencies": [
            "aws_default_vpc.default",
            "data.aws_vpc.selected"
          ]
        }
      ]
    },
    {
      "mode": "managed",
      "type": "aws_security_group_rule",
      "name": "egress_allow_all",
      "provider": "provider[\"registry.terraform.io/hashicorp/aws\"]",
      "instances": [
        {
          "schema_version": 2,
          "attributes": {
            "cidr_blocks": [
              "0.0.0.0/0"
            ],
            "description": "allow all outgoing traffic",
            "from_port": 0,
            "id": "sgrule-377493607",
            "ipv6_cidr_blocks": null,
            "prefix_list_ids": null,
            "protocol": "-1",
            "security_group_id": "sg-0c7dec83f010dd08a",
            "self": false,
            "source_security_group_id": null,
            "to_port": 0,
            "type": "egress"
          },
          "sensitive_attributes": [],
          "private": "eyJzY2hlbWFfdmVyc2lvbiI6IjIifQ==",
          "dependencies": [
            "aws_default_vpc.default",
            "aws_security_group.common",
            "data.aws_vpc.selected"
          ]
        }
      ]
    },
    {
      "mode": "managed",
      "type": "aws_security_group_rule",
      "name": "ingress_self_allow_all",
      "provider": "provider[\"registry.terraform.io/hashicorp/aws\"]",
      "instances": [
        {
          "schema_version": 2,
          "attributes": {
            "cidr_blocks": null,
            "description": "allow all incomming traffic from members of this group",
            "from_port": 0,
            "id": "sgrule-1340292761",
            "ipv6_cidr_blocks": null,
            "prefix_list_ids": null,
            "protocol": "-1",
            "security_group_id": "sg-0c7dec83f010dd08a",
            "self": true,
            "source_security_group_id": null,
            "to_port": 0,
            "type": "ingress"
          },
          "sensitive_attributes": [],
          "private": "eyJzY2hlbWFfdmVyc2lvbiI6IjIifQ==",
          "dependencies": [
            "aws_default_vpc.default",
            "aws_security_group.common",
            "data.aws_vpc.selected"
          ]
        }
      ]
    },
    {
      "mode": "managed",
      "type": "aws_subnet",
      "name": "public",
      "provider": "provider[\"registry.terraform.io/hashicorp/aws\"]",
      "instances": [
        {
          "index_key": 0,
          "schema_version": 1,
          "attributes": {
            "arn": "arn:aws:ec2:eu-north-1:617712498361:subnet/subnet-0cb4205d281d02790",
            "assign_ipv6_address_on_creation": false,
            "availability_zone": "eu-north-1a",
            "availability_zone_id": "eun1-az1",
            "cidr_block": "172.31.201.0/24",
            "customer_owned_ipv4_pool": "",
            "id": "subnet-0cb4205d281d02790",
            "ipv6_cidr_block": "",
            "ipv6_cidr_block_association_id": "",
            "map_customer_owned_ip_on_launch": false,
            "map_public_ip_on_launch": true,
            "outpost_arn": "",
            "owner_id": "617712498361",
            "tags": {
              "Cluster": "testkube",
              "Name": "testkube-eu-north-1a",
              "kubernetes.io/cluster/testkube": "shared"
            },
            "tags_all": {
              "Cluster": "testkube",
              "Name": "testkube-eu-north-1a",
              "kubernetes.io/cluster/testkube": "shared"
            },
            "timeouts": null,
            "vpc_id": "vpc-d35dcbba"
          },
          "sensitive_attributes": [],
          "private": "eyJlMmJmYjczMC1lY2FhLTExZTYtOGY4OC0zNDM2M2JjN2M0YzAiOnsiY3JlYXRlIjo2MDAwMDAwMDAwMDAsImRlbGV0ZSI6MTIwMDAwMDAwMDAwMH0sInNjaGVtYV92ZXJzaW9uIjoiMSJ9",
          "dependencies": [
            "aws_default_vpc.default",
            "data.aws_availability_zones.available",
            "data.aws_vpc.selected",
            "random_integer.cidr_block"
          ]
        },
        {
          "index_key": 1,
          "schema_version": 1,
          "attributes": {
            "arn": "arn:aws:ec2:eu-north-1:617712498361:subnet/subnet-0460bb06d839cdb8c",
            "assign_ipv6_address_on_creation": false,
            "availability_zone": "eu-north-1b",
            "availability_zone_id": "eun1-az2",
            "cidr_block": "172.31.202.0/24",
            "customer_owned_ipv4_pool": "",
            "id": "subnet-0460bb06d839cdb8c",
            "ipv6_cidr_block": "",
            "ipv6_cidr_block_association_id": "",
            "map_customer_owned_ip_on_launch": false,
            "map_public_ip_on_launch": true,
            "outpost_arn": "",
            "owner_id": "617712498361",
            "tags": {
              "Cluster": "testkube",
              "Name": "testkube-eu-north-1b",
              "kubernetes.io/cluster/testkube": "shared"
            },
            "tags_all": {
              "Cluster": "testkube",
              "Name": "testkube-eu-north-1b",
              "kubernetes.io/cluster/testkube": "shared"
            },
            "timeouts": null,
            "vpc_id": "vpc-d35dcbba"
          },
          "sensitive_attributes": [],
          "private": "eyJlMmJmYjczMC1lY2FhLTExZTYtOGY4OC0zNDM2M2JjN2M0YzAiOnsiY3JlYXRlIjo2MDAwMDAwMDAwMDAsImRlbGV0ZSI6MTIwMDAwMDAwMDAwMH0sInNjaGVtYV92ZXJzaW9uIjoiMSJ9",
          "dependencies": [
            "aws_default_vpc.default",
            "data.aws_availability_zones.available",
            "data.aws_vpc.selected",
            "random_integer.cidr_block"
          ]
        },
        {
          "index_key": 2,
          "schema_version": 1,
          "attributes": {
            "arn": "arn:aws:ec2:eu-north-1:617712498361:subnet/subnet-0ed04a4083e2c2ed2",
            "assign_ipv6_address_on_creation": false,
            "availability_zone": "eu-north-1c",
            "availability_zone_id": "eun1-az3",
            "cidr_block": "172.31.203.0/24",
            "customer_owned_ipv4_pool": "",
            "id": "subnet-0ed04a4083e2c2ed2",
            "ipv6_cidr_block": "",
            "ipv6_cidr_block_association_id": "",
            "map_customer_owned_ip_on_launch": false,
            "map_public_ip_on_launch": true,
            "outpost_arn": "",
            "owner_id": "617712498361",
            "tags": {
              "Cluster": "testkube",
              "Name": "testkube-eu-north-1c",
              "kubernetes.io/cluster/testkube": "shared"
            },
            "tags_all": {
              "Cluster": "testkube",
              "Name": "testkube-eu-north-1c",
              "kubernetes.io/cluster/testkube": "shared"
            },
            "timeouts": null,
            "vpc_id": "vpc-d35dcbba"
          },
          "sensitive_attributes": [],
          "private": "eyJlMmJmYjczMC1lY2FhLTExZTYtOGY4OC0zNDM2M2JjN2M0YzAiOnsiY3JlYXRlIjo2MDAwMDAwMDAwMDAsImRlbGV0ZSI6MTIwMDAwMDAwMDAwMH0sInNjaGVtYV92ZXJzaW9uIjoiMSJ9",
          "dependencies": [
            "aws_default_vpc.default",
            "data.aws_availability_zones.available",
            "data.aws_vpc.selected",
            "random_integer.cidr_block"
          ]
        }
      ]
    },
    {
      "mode": "managed",
      "type": "random_integer",
      "name": "cidr_block",
      "provider": "provider[\"registry.terraform.io/hashicorp/random\"]",
      "instances": [
        {
          "schema_version": 0,
          "attributes": {
            "id": "201",
            "keepers": null,
            "max": 255,
            "min": 0,
            "result": 201,
            "seed": null
          },
          "sensitive_attributes": [],
          "private": "bnVsbA==",
          "dependencies": [
            "aws_default_vpc.default",
            "data.aws_vpc.selected"
          ]
        }
      ]
    }
  ]
}
